
Microsoft Visual Studio Solution File, Format Version 12.00
# Visual Studio Version 16
VisualStudioVersion = 16.0.32510.428
MinimumVisualStudioVersion = 10.0.40219.1
Project("{FAE04EC0-301F-11D3-BF4B-00C04F79EFBC}") = "15.10_ConsoleApp usses task", "15.10_ConsoleApp usses task.csproj", "{04026AD7-CC7D-430D-A01F-16C5B32C0683}"
EndProject
Global
	GlobalSection(SolutionConfigurationPlatforms) = preSolution
		Debug|Any CPU = Debug|Any CPU
		Release|Any CPU = Release|Any CPU
	EndGlobalSection
	GlobalSection(ProjectConfigurationPlatforms) = postSolution
		{04026AD7-CC7D-430D-A01F-16C5B32C0683}.Debug|Any CPU.ActiveCfg = Debug|Any CPU
		{04026AD7-CC7D-430D-A01F-16C5B32C0683}.Debug|Any CPU.Build.0 = Debug|Any CPU
		{04026AD7-CC7D-430D-A01F-16C5B32C0683}.Release|Any CPU.ActiveCfg = Release|Any CPU
		{04026AD7-CC7D-430D-A01F-16C5B32C0683}.Release|Any CPU.Build.0 = Release|Any CPU
	EndGlobalSection
	GlobalSection(SolutionProperties) = preSolution
		HideSolutionNode = FALSE
	EndGlobalSection
	GlobalSection(ExtensibilityGlobals) = postSolution
		SolutionGuid = {3D3EAEF2-1A41-4D6B-8600-EDBEA2D95A8E}
	EndGlobalSection
EndGlobal
